// !$*UTF8*$!
{
	archiveVersion = 1;
	classes = {
	};
	objectVersion = 56;
	objects = {

/* Begin PBXBuildFile section */
		EEA80648292D42E400C338A4 /* AppDelegate.swift in Sources */ = {isa = PBXBuildFile; fileRef = EEA80647292D42E400C338A4 /* AppDelegate.swift */; };
		EEA8064A292D42E400C338A4 /* SceneDelegate.swift in Sources */ = {isa = PBXBuildFile; fileRef = EEA80649292D42E400C338A4 /* SceneDelegate.swift */; };
		EEA8064C292D42E400C338A4 /* ViewController.swift in Sources */ = {isa = PBXBuildFile; fileRef = EEA8064B292D42E400C338A4 /* ViewController.swift */; };
		EEA8064F292D42E400C338A4 /* Main.storyboard in Resources */ = {isa = PBXBuildFile; fileRef = EEA8064D292D42E400C338A4 /* Main.storyboard */; };
		EEA80651292D42E500C338A4 /* Assets.xcassets in Resources */ = {isa = PBXBuildFile; fileRef = EEA80650292D42E500C338A4 /* Assets.xcassets */; };
		EEA80654292D42E500C338A4 /* LaunchScreen.storyboard in Resources */ = {isa = PBXBuildFile; fileRef = EEA80652292D42E500C338A4 /* LaunchScreen.storyboard */; };
		EEA8065F292D435000C338A4 /* NationalHolidays.swift in Sources */ = {isa = PBXBuildFile; fileRef = EEA8065E292D435000C338A4 /* NationalHolidays.swift */; };
		EEA80663292D532C00C338A4 /* CellSetup.swift in Sources */ = {isa = PBXBuildFile; fileRef = EEA80662292D532C00C338A4 /* CellSetup.swift */; };
/* End PBXBuildFile section */

/* Begin PBXFileReference section */
		EEA80644292D42E400C338A4 /* NationalHolidays.app */ = {isa = PBXFileReference; explicitFileType = wrapper.application; includeInIndex = 0; path = NationalHolidays.app; sourceTree = BUILT_PRODUCTS_DIR; };
		EEA80647292D42E400C338A4 /* AppDelegate.swift */ = {isa = PBXFileReference; lastKnownFileType = sourcecode.swift; path = AppDelegate.swift; sourceTree = "<group>"; };
		EEA80649292D42E400C338A4 /* SceneDelegate.swift */ = {isa = PBXFileReference; lastKnownFileType = sourcecode.swift; path = SceneDelegate.swift; sourceTree = "<group>"; };
		EEA8064B292D42E400C338A4 /* ViewController.swift */ = {isa = PBXFileReference; lastKnownFileType = sourcecode.swift; path = ViewController.swift; sourceTree = "<group>"; };
		EEA8064E292D42E400C338A4 /* Base */ = {isa = PBXFileReference; lastKnownFileType = file.storyboard; name = Base; path = Base.lproj/Main.storyboard; sourceTree = "<group>"; };
		EEA80650292D42E500C338A4 /* Assets.xcassets */ = {isa = PBXFileReference; lastKnownFileType = folder.assetcatalog; path = Assets.xcassets; sourceTree = "<group>"; };
		EEA80653292D42E500C338A4 /* Base */ = {isa = PBXFileReference; lastKnownFileType = file.storyboard; name = Base; path = Base.lproj/LaunchScreen.storyboard; sourceTree = "<group>"; };
		EEA80655292D42E500C338A4 /* Info.plist */ = {isa = PBXFileReference; lastKnownFileType = text.plist.xml; path = Info.plist; sourceTree = "<group>"; };
		EEA8065E292D435000C338A4 /* NationalHolidays.swift */ = {isa = PBXFileReference; lastKnownFileType = sourcecode.swift; path = NationalHolidays.swift; sourceTree = "<group>"; };
		EEA80662292D532C00C338A4 /* CellSetup.swift */ = {isa = PBXFileReference; lastKnownFileType = sourcecode.swift; path = CellSetup.swift; sourceTree = "<group>"; };
/* End PBXFileReference section */

/* Begin PBXFrameworksBuildPhase section */
		EEA80641292D42E400C338A4 /* Frameworks */ = {
			isa = PBXFrameworksBuildPhase;
			buildActionMask = 2147483647;
			files = (
			);
			runOnlyForDeploymentPostprocessing = 0;
		};
/* End PBXFrameworksBuildPhase section */

/* Begin PBXGroup section */
		EEA8063B292D42E400C338A4 = {
			isa = PBXGroup;
			children = (
				EEA80646292D42E400C338A4 /* NationalHolidays */,
				EEA80645292D42E400C338A4 /* Products */,
			);
			sourceTree = "<group>";
		};
		EEA80645292D42E400C338A4 /* Products */ = {
			isa = PBXGroup;
			children = (
				EEA80644292D42E400C338A4 /* NationalHolidays.app */,
			);
			name = Products;
			sourceTree = "<group>";
		};
		EEA80646292D42E400C338A4 /* NationalHolidays */ = {
			isa = PBXGroup;
			children = (
				EEA8065D292D432500C338A4 /* Models */,
				EEA8065C292D431C00C338A4 /* Views */,
				EEA8065B292D430D00C338A4 /* Controllers */,
				EEA80647292D42E400C338A4 /* AppDelegate.swift */,
				EEA80649292D42E400C338A4 /* SceneDelegate.swift */,
				EEA80650292D42E500C338A4 /* Assets.xcassets */,
				EEA80652292D42E500C338A4 /* LaunchScreen.storyboard */,
				EEA80655292D42E500C338A4 /* Info.plist */,
			);
			path = NationalHolidays;
			sourceTree = "<group>";
		};
		EEA8065B292D430D00C338A4 /* Controllers */ = {
			isa = PBXGroup;
			children = (
				EEA8064B292D42E400C338A4 /* ViewController.swift */,
				EEA80662292D532C00C338A4 /* CellSetup.swift */,
			);
			path = Controllers;
			sourceTree = "<group>";
		};
		EEA8065C292D431C00C338A4 /* Views */ = {
			isa = PBXGroup;
			children = (
				EEA8064D292D42E400C338A4 /* Main.storyboard */,
			);
			path = Views;
			sourceTree = "<group>";
		};
		EEA8065D292D432500C338A4 /* Models */ = {
			isa = PBXGroup;
			children = (
				EEA8065E292D435000C338A4 /* NationalHolidays.swift */,
			);
			path = Models;
			sourceTree = "<group>";
		};
/* End PBXGroup section */

/* Begin PBXNativeTarget section */
		EEA80643292D42E400C338A4 /* NationalHolidays */ = {
			isa = PBXNativeTarget;
			buildConfigurationList = EEA80658292D42E500C338A4 /* Build configuration list for PBXNativeTarget "NationalHolidays" */;
			buildPhases = (
				EEA80640292D42E400C338A4 /* Sources */,
				EEA80641292D42E400C338A4 /* Frameworks */,
				EEA80642292D42E400C338A4 /* Resources */,
			);
			buildRules = (
			);
			dependencies = (
			);
			name = NationalHolidays;
			productName = NationalHolidays;
			productReference = EEA80644292D42E400C338A4 /* NationalHolidays.app */;
			productType = "com.apple.product-type.application";
		};
/* End PBXNativeTarget section */

/* Begin PBXProject section */
		EEA8063C292D42E400C338A4 /* Project object */ = {
			isa = PBXProject;
			attributes = {
				BuildIndependentTargetsInParallel = 1;
				LastSwiftUpdateCheck = 1400;
				LastUpgradeCheck = 1400;
				TargetAttributes = {
					EEA80643292D42E400C338A4 = {
						CreatedOnToolsVersion = 14.0.1;
					};
				};
			};
			buildConfigurationList = EEA8063F292D42E400C338A4 /* Build configuration list for PBXProject "NationalHolidays" */;
			compatibilityVersion = "Xcode 14.0";
			developmentRegion = en;
			hasScannedForEncodings = 0;
			knownRegions = (
				en,
				Base,
			);
			mainGroup = EEA8063B292D42E400C338A4;
			productRefGroup = EEA80645292D42E400C338A4 /* Products */;
			projectDirPath = "";
			projectRoot = "";
			targets = (
				EEA80643292D42E400C338A4 /* NationalHolidays */,
			);
		};
/* End PBXProject section */

/* Begin PBXResourcesBuildPhase section */
		EEA80642292D42E400C338A4 /* Resources */ = {
			isa = PBXResourcesBuildPhase;
			buildActionMask = 2147483647;
			files = (
				EEA80654292D42E500C338A4 /* LaunchScreen.storyboard in Resources */,
				EEA80651292D42E500C338A4 /* Assets.xcassets in Resources */,
				EEA8064F292D42E400C338A4 /* Main.storyboard in Resources */,
			);
			runOnlyForDeploymentPostprocessing = 0;
		};
/* End PBXResourcesBuildPhase section */

/* Begin PBXSourcesBuildPhase section */
		EEA80640292D42E400C338A4 /* Sources */ = {
			isa = PBXSourcesBuildPhase;
			buildActionMask = 2147483647;
			files = (
				EEA8065F292D435000C338A4 /* NationalHolidays.swift in Sources */,
				EEA80663292D532C00C338A4 /* CellSetup.swift in Sources */,
				EEA8064C292D42E400C338A4 /* ViewController.swift in Sources */,
				EEA80648292D42E400C338A4 /* AppDelegate.swift in Sources */,
				EEA8064A292D42E400C338A4 /* SceneDelegate.swift in Sources */,
			);
			runOnlyForDeploymentPostprocessing = 0;
		};
/* End PBXSourcesBuildPhase section */

/* Begin PBXVariantGroup section */
		EEA8064D292D42E400C338A4 /* Main.storyboard */ = {
			isa = PBXVariantGroup;
			children = (
				EEA8064E292D42E400C338A4 /* Base */,
			);
			name = Main.storyboard;
			sourceTree = "<group>";
		};
		EEA80652292D42E500C338A4 /* LaunchScreen.storyboard */ = {
			isa = PBXVariantGroup;
			children = (
				EEA80653292D42E500C338A4 /* Base */,
			);
			name = LaunchScreen.storyboard;
			sourceTree = "<group>";
		};
/* End PBXVariantGroup section */

/* Begin XCBuildConfiguration section */
		EEA80656292D42E500C338A4 /* Debug */ = {
			isa = XCBuildConfiguration;
			buildSettings = {
				ALWAYS_SEARCH_USER_PATHS = NO;
				CLANG_ANALYZER_NONNULL = YES;
				CLANG_ANALYZER_NUMBER_OBJECT_CONVERSION = YES_AGGRESSIVE;
				CLANG_CXX_LANGUAGE_STANDARD = "gnu++20";
				CLANG_ENABLE_MODULES = YES;
				CLANG_ENABLE_OBJC_ARC = YES;
				CLANG_ENABLE_OBJC_WEAK = YES;
				CLANG_WARN_BLOCK_CAPTURE_AUTORELEASING = YES;
				CLANG_WARN_BOOL_CONVERSION = YES;
				CLANG_WARN_COMMA = YES;
				CLANG_WARN_CONSTANT_CONVERSION = YES;
				CLANG_WARN_DEPRECATED_OBJC_IMPLEMENTATIONS = YES;
				CLANG_WARN_DIRECT_OBJC_ISA_USAGE = YES_ERROR;
				CLANG_WARN_DOCUMENTATION_COMMENTS = YES;
				CLANG_WARN_EMPTY_BODY = YES;
				CLANG_WARN_ENUM_CONVERSION = YES;
				CLANG_WARN_INFINITE_RECURSION = YES;
				CLANG_WARN_INT_CONVERSION = YES;
				CLANG_WARN_NON_LITERAL_NULL_CONVERSION = YES;
				CLANG_WARN_OBJC_IMPLICIT_RETAIN_SELF = YES;
				CLANG_WARN_OBJC_LITERAL_CONVERSION = YES;
				CLANG_WARN_OBJC_ROOT_CLASS = YES_ERROR;
				CLANG_WARN_QUOTED_INCLUDE_IN_FRAMEWORK_HEADER = YES;
				CLANG_WARN_RANGE_LOOP_ANALYSIS = YES;
				CLANG_WARN_STRICT_PROTOTYPES = YES;
				CLANG_WARN_SUSPICIOUS_MOVE = YES;
				CLANG_WARN_UNGUARDED_AVAILABILITY = YES_AGGRESSIVE;
				CLANG_WARN_UNREACHABLE_CODE = YES;
				CLANG_WARN__DUPLICATE_METHOD_MATCH = YES;
				COPY_PHASE_STRIP = NO;
				DEBUG_INFORMATION_FORMAT = dwarf;
				ENABLE_STRICT_OBJC_MSGSEND = YES;
				ENABLE_TESTABILITY = YES;
				GCC_C_LANGUAGE_STANDARD = gnu11;
				GCC_DYNAMIC_NO_PIC = NO;
				GCC_NO_COMMON_BLOCKS = YES;
				GCC_OPTIMIZATION_LEVEL = 0;
				GCC_PREPROCESSOR_DEFINITIONS = (
					"DEBUG=1",
					"$(inherited)",
				);
				GCC_WARN_64_TO_32_BIT_CONVERSION = YES;
				GCC_WARN_ABOUT_RETURN_TYPE = YES_ERROR;
				GCC_WARN_UNDECLARED_SELECTOR = YES;
				GCC_WARN_UNINITIALIZED_AUTOS = YES_AGGRESSIVE;
				GCC_WARN_UNUSED_FUNCTION = YES;
				GCC_WARN_UNUSED_VARIABLE = YES;
				IPHONEOS_DEPLOYMENT_TARGET = 16.0;
				MTL_ENABLE_DEBUG_INFO = INCLUDE_SOURCE;
				MTL_FAST_MATH = YES;
				ONLY_ACTIVE_ARCH = YES;
				SDKROOT = iphoneos;
				SWIFT_ACTIVE_COMPILATION_CONDITIONS = DEBUG;
				SWIFT_OPTIMIZATION_LEVEL = "-Onone";
			};
			name = Debug;
		};
		EEA80657292D42E500C338A4 /* Release */ = {
			isa = XCBuildConfiguration;
			buildSettings = {
				ALWAYS_SEARCH_USER_PATHS = NO;
				CLANG_ANALYZER_NONNULL = YES;
				CLANG_ANALYZER_NUMBER_OBJECT_CONVERSION = YES_AGGRESSIVE;
				CLANG_CXX_LANGUAGE_STANDARD = "gnu++20";
				CLANG_ENABLE_MODULES = YES;
				CLANG_ENABLE_OBJC_ARC = YES;
				CLANG_ENABLE_OBJC_WEAK = YES;
				CLANG_WARN_BLOCK_CAPTURE_AUTORELEASING = YES;
				CLANG_WARN_BOOL_CONVERSION = YES;
				CLANG_WARN_COMMA = YES;
				CLANG_WARN_CONSTANT_CONVERSION = YES;
				CLANG_WARN_DEPRECATED_OBJC_IMPLEMENTATIONS = YES;
				CLANG_WARN_DIRECT_OBJC_ISA_USAGE = YES_ERROR;
				CLANG_WARN_DOCUMENTATION_COMMENTS = YES;
				CLANG_WARN_EMPTY_BODY = YES;
				CLANG_WARN_ENUM_CONVERSION = YES;
				CLANG_WARN_INFINITE_RECURSION = YES;
				CLANG_WARN_INT_CONVERSION = YES;
				CLANG_WARN_NON_LITERAL_NULL_CONVERSION = YES;
				CLANG_WARN_OBJC_IMPLICIT_RETAIN_SELF = YES;
				CLANG_WARN_OBJC_LITERAL_CONVERSION = YES;
				CLANG_WARN_OBJC_ROOT_CLASS = YES_ERROR;
				CLANG_WARN_QUOTED_INCLUDE_IN_FRAMEWORK_HEADER = YES;
				CLANG_WARN_RANGE_LOOP_ANALYSIS = YES;
				CLANG_WARN_STRICT_PROTOTYPES = YES;
				CLANG_WARN_SUSPICIOUS_MOVE = YES;
				CLANG_WARN_UNGUARDED_AVAILABILITY = YES_AGGRESSIVE;
				CLANG_WARN_UNREACHABLE_CODE = YES;
				CLANG_WARN__DUPLICATE_METHOD_MATCH = YES;
				COPY_PHASE_STRIP = NO;
				DEBUG_INFORMATION_FORMAT = "dwarf-with-dsym";
				ENABLE_NS_ASSERTIONS = NO;
				ENABLE_STRICT_OBJC_MSGSEND = YES;
				GCC_C_LANGUAGE_STANDARD = gnu11;
				GCC_NO_COMMON_BLOCKS = YES;
				GCC_WARN_64_TO_32_BIT_CONVERSION = YES;
				GCC_WARN_ABOUT_RETURN_TYPE = YES_ERROR;
				GCC_WARN_UNDECLARED_SELECTOR = YES;
				GCC_WARN_UNINITIALIZED_AUTOS = YES_AGGRESSIVE;
				GCC_WARN_UNUSED_FUNCTION = YES;
				GCC_WARN_UNUSED_VARIABLE = YES;
				IPHONEOS_DEPLOYMENT_TARGET = 16.0;
				MTL_ENABLE_DEBUG_INFO = NO;
				MTL_FAST_MATH = YES;
				SDKROOT = iphoneos;
				SWIFT_COMPILATION_MODE = wholemodule;
				SWIFT_OPTIMIZATION_LEVEL = "-O";
				VALIDATE_PRODUCT = YES;
			};
			name = Release;
		};
		EEA80659292D42E500C338A4 /* Debug */ = {
			isa = XCBuildConfiguration;
			buildSettings = {
				ASSETCATALOG_COMPILER_APPICON_NAME = AppIcon;
				ASSETCATALOG_COMPILER_GLOBAL_ACCENT_COLOR_NAME = AccentColor;
				CODE_SIGN_STYLE = Automatic;
				CURRENT_PROJECT_VERSION = 1;
				DEVELOPMENT_TEAM = 7Q2JD863XR;
				GENERATE_INFOPLIST_FILE = YES;
				INFOPLIST_FILE = NationalHolidays/Info.plist;
				INFOPLIST_KEY_UIApplicationSupportsIndirectInputEvents = YES;
				INFOPLIST_KEY_UILaunchStoryboardName = LaunchScreen;
				INFOPLIST_KEY_UIMainStoryboardFile = Main;
				INFOPLIST_KEY_UISupportedInterfaceOrientations = UIInterfaceOrientationPortrait;
				LD_RUNPATH_SEARCH_PATHS = (
					"$(inherited)",
					"@executable_path/Frameworks",
				);
				MARKETING_VERSION = 1.0;
				PRODUCT_BUNDLE_IDENTIFIER = Maciel.Emerson.NationalHolidays;
				PRODUCT_NAME = "$(TARGET_NAME)";
				SWIFT_EMIT_LOC_STRINGS = YES;
				SWIFT_VERSION = 5.0;
				TARGETED_DEVICE_FAMILY = "1,2";
			};
			name = Debug;
		};
		EEA8065A292D42E500C338A4 /* Release */ = {
			isa = XCBuildConfiguration;
			buildSettings = {
				ASSETCATALOG_COMPILER_APPICON_NAME = AppIcon;
				ASSETCATALOG_COMPILER_GLOBAL_ACCENT_COLOR_NAME = AccentColor;
				CODE_SIGN_STYLE = Automatic;
				CURRENT_PROJECT_VERSION = 1;
				DEVELOPMENT_TEAM = 7Q2JD863XR;
				GENERATE_INFOPLIST_FILE = YES;
				INFOPLIST_FILE = NationalHolidays/Info.plist;
				INFOPLIST_KEY_UIApplicationSupportsIndirectInputEvents = YES;
				INFOPLIST_KEY_UILaunchStoryboardName = LaunchScreen;
				INFOPLIST_KEY_UIMainStoryboardFile = Main;
				INFOPLIST_KEY_UISupportedInterfaceOrientations = UIInterfaceOrientationPortrait;
				LD_RUNPATH_SEARCH_PATHS = (
					"$(inherited)",
					"@executable_path/Frameworks",
				);
				MARKETING_VERSION = 1.0;
				PRODUCT_BUNDLE_IDENTIFIER = Maciel.Emerson.NationalHolidays;
				PRODUCT_NAME = "$(TARGET_NAME)";
				SWIFT_EMIT_LOC_STRINGS = YES;
				SWIFT_VERSION = 5.0;
				TARGETED_DEVICE_FAMILY = "1,2";
			};
			name = Release;
		};
/* End XCBuildConfiguration section */

/* Begin XCConfigurationList section */
		EEA8063F292D42E400C338A4 /* Build configuration list for PBXProject "NationalHolidays" */ = {
			isa = XCConfigurationList;
			buildConfigurations = (
				EEA80656292D42E500C338A4 /* Debug */,
				EEA80657292D42E500C338A4 /* Release */,
			);
			defaultConfigurationIsVisible = 0;
			defaultConfigurationName = Release;
		};
		EEA80658292D42E500C338A4 /* Build configuration list for PBXNativeTarget "NationalHolidays" */ = {
			isa = XCConfigurationList;
			buildConfigurations = (
				EEA80659292D42E500C338A4 /* Debug */,
				EEA8065A292D42E500C338A4 /* Release */,
			);
			defaultConfigurationIsVisible = 0;
			defaultConfigurationName = Release;
		};
/* End XCConfigurationList section */
	};
	rootObject = EEA8063C292D42E400C338A4 /* Project object */;
}
